<Solution>
  <Folder Name="/src/" />
  <Folder Name="/src/api/">
    <Project Path="src/api/Api.csproj" />
  </Folder>
  <Folder Name="/src/application/">
    <Project Path="src/application/Application.csproj" />
  </Folder>
  <Folder Name="/src/domain/">
    <Project Path="src/domain/Domain.csproj" />
  </Folder>
  <Folder Name="/src/infrastructure/">
    <Project Path="src/infrastructure/Infrastructure.csproj" />
  </Folder>
  <Folder Name="/src/shared/">
    <Project Path="src/shared/Shared.csproj" />
  </Folder>
  <Folder Name="/tests/">
    <Project Path="tests/Confer.Tests/Confer.Tests.csproj" />
  </Folder>
</Solution>
